{
	"name": "@josefransaenz/appliance-manager",
	"version": "2.0.0",
	"lockfileVersion": 1,
	"requires": true,
	"dependencies": {
		"axios": {
			"version": "0.17.1",
			"resolved": "https://registry.npmjs.org/axios/-/axios-0.17.1.tgz",
			"integrity": "sha1-LY4+XQvb1zJ/kbyBT1xXZg+Bgk0=",
			"requires": {
				"follow-redirects": "^1.2.5",
				"is-buffer": "^1.1.5"
			}
		},
		"crypto-json": {
			"version": "2.0.0",
			"resolved": "https://registry.npmjs.org/crypto-json/-/crypto-json-2.0.0.tgz",
			"integrity": "sha1-17QQjYRX2pNIavHwtah/Fj+GDsA="
		},
		"debug": {
			"version": "3.1.0",
			"resolved": "https://registry.npmjs.org/debug/-/debug-3.1.0.tgz",
			"integrity": "sha512-OX8XqP7/1a9cqkxYw2yXss15f26NKWBpDXQd0/uK/KPqdQhxbPa994hnzjcE2VqQpDslf55723cKPUOGSmMY3g==",
			"requires": {
				"ms": "2.0.0"
			}
		},
		"follow-redirects": {
			"version": "1.4.1",
			"resolved": "https://registry.npmjs.org/follow-redirects/-/follow-redirects-1.4.1.tgz",
			"integrity": "sha512-uxYePVPogtya1ktGnAAXOacnbIuRMB4dkvqeNz2qTtTQsuzSfbDolV+wMMKxAmCx0bLgAKLbBOkjItMbbkR1vg==",
			"requires": {
				"debug": "^3.1.0"
			}
		},
		"graceful-fs": {
			"version": "4.1.11",
			"resolved": "https://registry.npmjs.org/graceful-fs/-/graceful-fs-4.1.11.tgz",
			"integrity": "sha1-Dovf5NHduIVNZOBOp8AOKgJuVlg=",
			"optional": true
		},
		"invert-kv": {
			"version": "1.0.0",
			"resolved": "https://registry.npmjs.org/invert-kv/-/invert-kv-1.0.0.tgz",
			"integrity": "sha1-EEqOSqym09jNFXqO+L+rLXo//bY="
		},
		"is-buffer": {
			"version": "1.1.6",
			"resolved": "https://registry.npmjs.org/is-buffer/-/is-buffer-1.1.6.tgz",
			"integrity": "sha512-NcdALwpXkTm5Zvvbk7owOUSvVvBKDgKP5/ewfXEznmQFfs4ZRmanOeKBTjRVjka3QFoN6XJ+9F3USqfHqTaU5w=="
		},
		"jsonfile": {
			"version": "4.0.0",
			"resolved": "https://registry.npmjs.org/jsonfile/-/jsonfile-4.0.0.tgz",
			"integrity": "sha1-h3Gq4HmbZAdrdmQPygWPnBDjPss=",
			"requires": {
				"graceful-fs": "^4.1.6"
			}
		},
		"lcid": {
			"version": "1.0.0",
			"resolved": "https://registry.npmjs.org/lcid/-/lcid-1.0.0.tgz",
			"integrity": "sha1-MIrMr6C8SDo4Z7S28rlQYlHRuDU=",
			"requires": {
				"invert-kv": "^1.0.0"
			}
		},
		"ms": {
			"version": "2.0.0",
			"resolved": "https://registry.npmjs.org/ms/-/ms-2.0.0.tgz",
			"integrity": "sha1-VgiurfwAvmwpAd9fmGF4jeDVl8g="
		},
		"node-wifiscanner2": {
			"version": "1.2.0",
			"resolved": "https://registry.npmjs.org/node-wifiscanner2/-/node-wifiscanner2-1.2.0.tgz",
			"integrity": "sha1-ln+tDXV7Qwo5snGNQIy72ewetIA=",
			"requires": {
				"os-locale": "^1.4.0"
			}
		},
		"os-locale": {
			"version": "1.4.0",
			"resolved": "https://registry.npmjs.org/os-locale/-/os-locale-1.4.0.tgz",
			"integrity": "sha1-IPnxeuKe00XoveWDsT0gCYA8FNk=",
			"requires": {
				"lcid": "^1.0.0"
			}
		},
		"sync-exec": {
			"version": "0.6.2",
			"resolved": "https://registry.npmjs.org/sync-exec/-/sync-exec-0.6.2.tgz",
			"integrity": "sha1-cX0izFPwzh3vVZQ2LzqJouu5EQU="
		},
		"wifi-control": {
			"version": "2.0.1",
			"resolved": "https://registry.npmjs.org/wifi-control/-/wifi-control-2.0.1.tgz",
			"integrity": "sha1-WsDVYrSsjXRziAJy4mMezr8ybgk=",
			"requires": {
				"node-wifiscanner2": "^1.1.0",
				"sync-exec": "^0.6.2"
			}
		}
	}
}
